
Microsoft Visual Studio Solution File, Format Version 12.00
# Visual Studio Version 16
VisualStudioVersion = 16.0.30330.147
MinimumVisualStudioVersion = 10.0.40219.1
Project("{FAE04EC0-301F-11D3-BF4B-00C04F79EFBC}") = "ParcialMiguelTapia1", "ParcialMiguelTapia1\ParcialMiguelTapia1.csproj", "{D5EB8108-B207-4099-BD76-2D4509F196DD}"
EndProject
Global
	GlobalSection(SolutionConfigurationPlatforms) = preSolution
		Debug|Any CPU = Debug|Any CPU
		Release|Any CPU = Release|Any CPU
	EndGlobalSection
	GlobalSection(ProjectConfigurationPlatforms) = postSolution
		{D5EB8108-B207-4099-BD76-2D4509F196DD}.Debug|Any CPU.ActiveCfg = Debug|Any CPU
		{D5EB8108-B207-4099-BD76-2D4509F196DD}.Debug|Any CPU.Build.0 = Debug|Any CPU
		{D5EB8108-B207-4099-BD76-2D4509F196DD}.Release|Any CPU.ActiveCfg = Release|Any CPU
		{D5EB8108-B207-4099-BD76-2D4509F196DD}.Release|Any CPU.Build.0 = Release|Any CPU
	EndGlobalSection
	GlobalSection(SolutionProperties) = preSolution
		HideSolutionNode = FALSE
	EndGlobalSection
	GlobalSection(ExtensibilityGlobals) = postSolution
		SolutionGuid = {6D6EB3E2-D816-4267-9E12-E7AEFD6D505F}
	EndGlobalSection
EndGlobal
